{
  "name": "TaskTracker",
  "lockfileVersion": 3,
  "requires": true,
  "packages": {
    "": {
      "dependencies": {
        "@capacitor/push-notifications": "^8.1.2"
      }
    },
    "node_modules/@capacitor/core": {
      "version": "8.4.2",
      "resolved": "https://registry.npmjs.org/@capacitor/core/-/core-8.4.2.tgz",
      "integrity": "sha512-fQPRb3JXRaU2pnufDUvqOjhsrYxDQeFRZyaj/sHydIUxD2NxOGHKMpmKUdI+U4OOmKuGZyvRpi7TSJU+7Bjbmg==",
      "license": "MIT",
      "peer": true,
      "dependencies": {
        "tslib": "^2.1.0"
      }
    },
    "node_modules/@capacitor/push-notifications": {
      "version": "8.1.2",
      "resolved": "https://registry.npmjs.org/@capacitor/push-notifications/-/push-notifications-8.1.2.tgz",
      "integrity": "sha512-TQl4XxqJfNF+KbSYBFMXYYT5WXUaleVKXlByhh/8+KySMVNjp+l5OqAUoGe/sY1IAnGXEuUeCjA/WLZEVvGwrA==",
      "license": "MIT",
      "peerDependencies": {
        "@capacitor/core": ">=8.0.0"
      }
    },
    "node_modules/tslib": {
      "version": "2.8.1",
      "resolved": "https://registry.npmjs.org/tslib/-/tslib-2.8.1.tgz",
      "integrity": "sha512-oJFu94HQb+KVduSUQL7wnpmqnfmLsOA/nAh6b6EH0wCEoK0/mPeXU6c3wKDV83MkOuHPRHtSXKKU99IBazS/2w==",
      "license": "0BSD",
      "peer": true
    }
  }
}
