
Microsoft Visual Studio Solution File, Format Version 12.00
# Visual Studio Version 17
VisualStudioVersion = 17.13.35806.99 d17.13
MinimumVisualStudioVersion = 10.0.40219.1
Project("{FAE04EC0-301F-11D3-BF4B-00C04F79EFBC}") = "TaskTracker.API", "TaskTracker.API\TaskTracker.API.csproj", "{A6DC5A00-31C1-4182-AA65-41F4021DC058}"
EndProject
Project("{FAE04EC0-301F-11D3-BF4B-00C04F79EFBC}") = "TaskTracker.Domain", "TaskTracker.Domain\TaskTracker.Domain.csproj", "{52539EF0-294B-411E-8FC1-3EB329087576}"
EndProject
Project("{FAE04EC0-301F-11D3-BF4B-00C04F79EFBC}") = "TaskTracker.Application", "TaskTracker.Application\TaskTracker.Application.csproj", "{8BB6CBDB-0A8A-4AB7-ABF0-263F2470A6FE}"
EndProject
Project("{FAE04EC0-301F-11D3-BF4B-00C04F79EFBC}") = "TaskTracker.Infrastructure", "TaskTracker.Infrastructure\TaskTracker.Infrastructure.csproj", "{08F1336A-D944-4D88-810F-7D0921A3D104}"
EndProject
Global
	GlobalSection(SolutionConfigurationPlatforms) = preSolution
		Debug|Any CPU = Debug|Any CPU
		Release|Any CPU = Release|Any CPU
	EndGlobalSection
	GlobalSection(ProjectConfigurationPlatforms) = postSolution
		{A6DC5A00-31C1-4182-AA65-41F4021DC058}.Debug|Any CPU.ActiveCfg = Debug|Any CPU
		{A6DC5A00-31C1-4182-AA65-41F4021DC058}.Debug|Any CPU.Build.0 = Debug|Any CPU
		{A6DC5A00-31C1-4182-AA65-41F4021DC058}.Release|Any CPU.ActiveCfg = Release|Any CPU
		{A6DC5A00-31C1-4182-AA65-41F4021DC058}.Release|Any CPU.Build.0 = Release|Any CPU
		{52539EF0-294B-411E-8FC1-3EB329087576}.Debug|Any CPU.ActiveCfg = Debug|Any CPU
		{52539EF0-294B-411E-8FC1-3EB329087576}.Debug|Any CPU.Build.0 = Debug|Any CPU
		{52539EF0-294B-411E-8FC1-3EB329087576}.Release|Any CPU.ActiveCfg = Release|Any CPU
		{52539EF0-294B-411E-8FC1-3EB329087576}.Release|Any CPU.Build.0 = Release|Any CPU
		{8BB6CBDB-0A8A-4AB7-ABF0-263F2470A6FE}.Debug|Any CPU.ActiveCfg = Debug|Any CPU
		{8BB6CBDB-0A8A-4AB7-ABF0-263F2470A6FE}.Debug|Any CPU.Build.0 = Debug|Any CPU
		{8BB6CBDB-0A8A-4AB7-ABF0-263F2470A6FE}.Release|Any CPU.ActiveCfg = Release|Any CPU
		{8BB6CBDB-0A8A-4AB7-ABF0-263F2470A6FE}.Release|Any CPU.Build.0 = Release|Any CPU
		{08F1336A-D944-4D88-810F-7D0921A3D104}.Debug|Any CPU.ActiveCfg = Debug|Any CPU
		{08F1336A-D944-4D88-810F-7D0921A3D104}.Debug|Any CPU.Build.0 = Debug|Any CPU
		{08F1336A-D944-4D88-810F-7D0921A3D104}.Release|Any CPU.ActiveCfg = Release|Any CPU
		{08F1336A-D944-4D88-810F-7D0921A3D104}.Release|Any CPU.Build.0 = Release|Any CPU
	EndGlobalSection
	GlobalSection(SolutionProperties) = preSolution
		HideSolutionNode = FALSE
	EndGlobalSection
	GlobalSection(ExtensibilityGlobals) = postSolution
		SolutionGuid = {5C64F2A4-E364-49FD-A4FE-94C20F745E3C}
	EndGlobalSection
EndGlobal
